// !$*UTF8*$!
{
	archiveVersion = 1;
	classes = {
	};
	objectVersion = 50;
	objects = {

/* Begin PBXBuildFile section */
		9035B1D324CD9886007ADC5A /* BlogOwnerCellView.swift in Sources */ = {isa = PBXBuildFile; fileRef = 9035B1D224CD9886007ADC5A /* BlogOwnerCellView.swift */; };
		9035B1D524CD98A6007ADC5A /* BlogOwnerCellViewModel.swift in Sources */ = {isa = PBXBuildFile; fileRef = 9035B1D424CD98A6007ADC5A /* BlogOwnerCellViewModel.swift */; };
		9035B1D824CD9BAE007ADC5A /* DateExtension.swift in Sources */ = {isa = PBXBuildFile; fileRef = 9035B1D724CD9BAE007ADC5A /* DateExtension.swift */; };
		9035B1D924CD9BB4007ADC5A /* DateExtension.swift in Sources */ = {isa = PBXBuildFile; fileRef = 9035B1D724CD9BAE007ADC5A /* DateExtension.swift */; };
		903E24ED24CDC98600176769 /* Pagination.swift in Sources */ = {isa = PBXBuildFile; fileRef = 903E24EC24CDC98600176769 /* Pagination.swift */; };
		903E24EE24CDC98A00176769 /* Pagination.swift in Sources */ = {isa = PBXBuildFile; fileRef = 903E24EC24CDC98600176769 /* Pagination.swift */; };
		90576B2524CDFCBB00AB3207 /* CoreData.framework in Frameworks */ = {isa = PBXBuildFile; fileRef = 90576B2424CDFCBB00AB3207 /* CoreData.framework */; };
		90576B2724CE051B00AB3207 /* Providers.swift in Sources */ = {isa = PBXBuildFile; fileRef = 90576B2624CE051B00AB3207 /* Providers.swift */; };
		905E48DA24CD64780063DCB6 /* UserProfileView.swift in Sources */ = {isa = PBXBuildFile; fileRef = 905E48D924CD64780063DCB6 /* UserProfileView.swift */; };
		905E48E024CD6B570063DCB6 /* BlogsListViewModel.swift in Sources */ = {isa = PBXBuildFile; fileRef = 905E48DF24CD6B570063DCB6 /* BlogsListViewModel.swift */; };
		905E48E224CD6B770063DCB6 /* BlogsProvider.swift in Sources */ = {isa = PBXBuildFile; fileRef = 905E48E124CD6B770063DCB6 /* BlogsProvider.swift */; };
		905E48E324CD6B770063DCB6 /* BlogsProvider.swift in Sources */ = {isa = PBXBuildFile; fileRef = 905E48E124CD6B770063DCB6 /* BlogsProvider.swift */; };
		905E48E524CD6BA40063DCB6 /* Blog.swift in Sources */ = {isa = PBXBuildFile; fileRef = 905E48E424CD6BA40063DCB6 /* Blog.swift */; };
		905E48E624CD6BA40063DCB6 /* Blog.swift in Sources */ = {isa = PBXBuildFile; fileRef = 905E48E424CD6BA40063DCB6 /* Blog.swift */; };
		905E48E824CD728A0063DCB6 /* BlogsProvider_Dummy.swift in Sources */ = {isa = PBXBuildFile; fileRef = 905E48E724CD728A0063DCB6 /* BlogsProvider_Dummy.swift */; };
		905E48E924CD728A0063DCB6 /* BlogsProvider_Dummy.swift in Sources */ = {isa = PBXBuildFile; fileRef = 905E48E724CD728A0063DCB6 /* BlogsProvider_Dummy.swift */; };
		905E48EB24CD751B0063DCB6 /* BlogsListViewModelTests.swift in Sources */ = {isa = PBXBuildFile; fileRef = 905E48EA24CD751B0063DCB6 /* BlogsListViewModelTests.swift */; };
		905E48EC24CD752E0063DCB6 /* BlogsListViewModel.swift in Sources */ = {isa = PBXBuildFile; fileRef = 905E48DF24CD6B570063DCB6 /* BlogsListViewModel.swift */; };
		90668DE024CC27C500C25348 /* AppDelegate.swift in Sources */ = {isa = PBXBuildFile; fileRef = 90668DDF24CC27C500C25348 /* AppDelegate.swift */; };
		90668DE224CC27C500C25348 /* SceneDelegate.swift in Sources */ = {isa = PBXBuildFile; fileRef = 90668DE124CC27C500C25348 /* SceneDelegate.swift */; };
		90668DE424CC27C500C25348 /* HomeView.swift in Sources */ = {isa = PBXBuildFile; fileRef = 90668DE324CC27C500C25348 /* HomeView.swift */; };
		90668DE624CC27C600C25348 /* Assets.xcassets in Resources */ = {isa = PBXBuildFile; fileRef = 90668DE524CC27C600C25348 /* Assets.xcassets */; };
		90668DE924CC27C600C25348 /* Preview Assets.xcassets in Resources */ = {isa = PBXBuildFile; fileRef = 90668DE824CC27C600C25348 /* Preview Assets.xcassets */; };
		90668DEC24CC27C600C25348 /* LaunchScreen.storyboard in Resources */ = {isa = PBXBuildFile; fileRef = 90668DEA24CC27C600C25348 /* LaunchScreen.storyboard */; };
		90668E0424CC37AD00C25348 /* UsersListView.swift in Sources */ = {isa = PBXBuildFile; fileRef = 90668E0324CC37AD00C25348 /* UsersListView.swift */; };
		90668E0624CC392F00C25348 /* BlogsListView.swift in Sources */ = {isa = PBXBuildFile; fileRef = 90668E0524CC392F00C25348 /* BlogsListView.swift */; };
		90668E6824CC3DEF00C25348 /* UserTests.swift in Sources */ = {isa = PBXBuildFile; fileRef = 90668E6724CC3DEF00C25348 /* UserTests.swift */; };
		90668E6B24CC3EE900C25348 /* UsersProvider.swift in Sources */ = {isa = PBXBuildFile; fileRef = 90668E6A24CC3EE900C25348 /* UsersProvider.swift */; };
		90668E6E24CC3F5F00C25348 /* SimpleErrorMessage.swift in Sources */ = {isa = PBXBuildFile; fileRef = 90668E6D24CC3F5F00C25348 /* SimpleErrorMessage.swift */; };
		90668E7024CC3F7500C25348 /* User.swift in Sources */ = {isa = PBXBuildFile; fileRef = 90668E6F24CC3F7500C25348 /* User.swift */; };
		90668E7624CC3FE800C25348 /* UsersProvider_Dummy.swift in Sources */ = {isa = PBXBuildFile; fileRef = 90668E7524CC3FE800C25348 /* UsersProvider_Dummy.swift */; };
		90668E7724CC426600C25348 /* UsersProvider_Dummy.swift in Sources */ = {isa = PBXBuildFile; fileRef = 90668E7524CC3FE800C25348 /* UsersProvider_Dummy.swift */; };
		90668E7824CC428800C25348 /* UsersProvider.swift in Sources */ = {isa = PBXBuildFile; fileRef = 90668E6A24CC3EE900C25348 /* UsersProvider.swift */; };
		90668E7924CC428B00C25348 /* SimpleErrorMessage.swift in Sources */ = {isa = PBXBuildFile; fileRef = 90668E6D24CC3F5F00C25348 /* SimpleErrorMessage.swift */; };
		90668E7A24CC428D00C25348 /* User.swift in Sources */ = {isa = PBXBuildFile; fileRef = 90668E6F24CC3F7500C25348 /* User.swift */; };
		90668E7C24CC44CE00C25348 /* UsersProvider_API.swift in Sources */ = {isa = PBXBuildFile; fileRef = 90668E7B24CC44CE00C25348 /* UsersProvider_API.swift */; };
		9083C2DE24CC550A007C0EB4 /* UsersListViewModel.swift in Sources */ = {isa = PBXBuildFile; fileRef = 9083C2DD24CC550A007C0EB4 /* UsersListViewModel.swift */; };
		9083C2DF24CC5563007C0EB4 /* UsersListViewModel.swift in Sources */ = {isa = PBXBuildFile; fileRef = 9083C2DD24CC550A007C0EB4 /* UsersListViewModel.swift */; };
		9083C2E424CC5A40007C0EB4 /* UserListCellView.swift in Sources */ = {isa = PBXBuildFile; fileRef = 9083C2E324CC5A40007C0EB4 /* UserListCellView.swift */; };
		9083C2E624CC5A5D007C0EB4 /* UserViewModel.swift in Sources */ = {isa = PBXBuildFile; fileRef = 9083C2E524CC5A5D007C0EB4 /* UserViewModel.swift */; };
		9095779D24CDFA1900AE6D79 /* Database.xcdatamodeld in Sources */ = {isa = PBXBuildFile; fileRef = 9095779B24CDFA1900AE6D79 /* Database.xcdatamodeld */; };
		909577A024CDFA7200AE6D79 /* CoreDataManager.swift in Sources */ = {isa = PBXBuildFile; fileRef = 9095779F24CDFA7200AE6D79 /* CoreDataManager.swift */; };
		909577A224CDFC0400AE6D79 /* UsersProvider_Local.swift in Sources */ = {isa = PBXBuildFile; fileRef = 909577A124CDFC0400AE6D79 /* UsersProvider_Local.swift */; };
		909577A324CDFC8A00AE6D79 /* UsersProvider_Local.swift in Sources */ = {isa = PBXBuildFile; fileRef = 909577A124CDFC0400AE6D79 /* UsersProvider_Local.swift */; };
		90B00B7F24CC72EF003BCFA2 /* UsersListViewModelTests.swift in Sources */ = {isa = PBXBuildFile; fileRef = 90B00B7E24CC72EF003BCFA2 /* UsersListViewModelTests.swift */; };
		90DCDC8024CD7A35002F6087 /* BlogCellView.swift in Sources */ = {isa = PBXBuildFile; fileRef = 90DCDC7F24CD7A35002F6087 /* BlogCellView.swift */; };
		90DCDC8224CD7A40002F6087 /* BlogCellViewModel.swift in Sources */ = {isa = PBXBuildFile; fileRef = 90DCDC8124CD7A40002F6087 /* BlogCellViewModel.swift */; };
		90DCDC8324CD7A42002F6087 /* BlogCellViewModel.swift in Sources */ = {isa = PBXBuildFile; fileRef = 90DCDC8124CD7A40002F6087 /* BlogCellViewModel.swift */; };
		90DCDC8524CD9336002F6087 /* BlogsProvider_API.swift in Sources */ = {isa = PBXBuildFile; fileRef = 90DCDC8424CD9336002F6087 /* BlogsProvider_API.swift */; };
/* End PBXBuildFile section */

/* Begin PBXContainerItemProxy section */
		90668DF324CC27C600C25348 /* PBXContainerItemProxy */ = {
			isa = PBXContainerItemProxy;
			containerPortal = 90668DD424CC27C400C25348 /* Project object */;
			proxyType = 1;
			remoteGlobalIDString = 90668DDB24CC27C400C25348;
			remoteInfo = "Jet2TT Social";
		};
/* End PBXContainerItemProxy section */

/* Begin PBXFileReference section */
		9035B1D224CD9886007ADC5A /* BlogOwnerCellView.swift */ = {isa = PBXFileReference; lastKnownFileType = sourcecode.swift; path = BlogOwnerCellView.swift; sourceTree = "<group>"; };
		9035B1D424CD98A6007ADC5A /* BlogOwnerCellViewModel.swift */ = {isa = PBXFileReference; lastKnownFileType = sourcecode.swift; path = BlogOwnerCellViewModel.swift; sourceTree = "<group>"; };
		9035B1D724CD9BAE007ADC5A /* DateExtension.swift */ = {isa = PBXFileReference; lastKnownFileType = sourcecode.swift; path = DateExtension.swift; sourceTree = "<group>"; };
		903E24EC24CDC98600176769 /* Pagination.swift */ = {isa = PBXFileReference; lastKnownFileType = sourcecode.swift; path = Pagination.swift; sourceTree = "<group>"; };
		90576B2424CDFCBB00AB3207 /* CoreData.framework */ = {isa = PBXFileReference; lastKnownFileType = wrapper.framework; name = CoreData.framework; path = System/Library/Frameworks/CoreData.framework; sourceTree = SDKROOT; };
		90576B2624CE051B00AB3207 /* Providers.swift */ = {isa = PBXFileReference; lastKnownFileType = sourcecode.swift; path = Providers.swift; sourceTree = "<group>"; };
		905E48D924CD64780063DCB6 /* UserProfileView.swift */ = {isa = PBXFileReference; lastKnownFileType = sourcecode.swift; path = UserProfileView.swift; sourceTree = "<group>"; };
		905E48DF24CD6B570063DCB6 /* BlogsListViewModel.swift */ = {isa = PBXFileReference; lastKnownFileType = sourcecode.swift; path = BlogsListViewModel.swift; sourceTree = "<group>"; };
		905E48E124CD6B770063DCB6 /* BlogsProvider.swift */ = {isa = PBXFileReference; lastKnownFileType = sourcecode.swift; path = BlogsProvider.swift; sourceTree = "<group>"; };
		905E48E424CD6BA40063DCB6 /* Blog.swift */ = {isa = PBXFileReference; lastKnownFileType = sourcecode.swift; path = Blog.swift; sourceTree = "<group>"; };
		905E48E724CD728A0063DCB6 /* BlogsProvider_Dummy.swift */ = {isa = PBXFileReference; lastKnownFileType = sourcecode.swift; path = BlogsProvider_Dummy.swift; sourceTree = "<group>"; };
		905E48EA24CD751B0063DCB6 /* BlogsListViewModelTests.swift */ = {isa = PBXFileReference; lastKnownFileType = sourcecode.swift; path = BlogsListViewModelTests.swift; sourceTree = "<group>"; };
		90668DDC24CC27C500C25348 /* Jet2TT Social.app */ = {isa = PBXFileReference; explicitFileType = wrapper.application; includeInIndex = 0; path = "Jet2TT Social.app"; sourceTree = BUILT_PRODUCTS_DIR; };
		90668DDF24CC27C500C25348 /* AppDelegate.swift */ = {isa = PBXFileReference; lastKnownFileType = sourcecode.swift; path = AppDelegate.swift; sourceTree = "<group>"; };
		90668DE124CC27C500C25348 /* SceneDelegate.swift */ = {isa = PBXFileReference; lastKnownFileType = sourcecode.swift; path = SceneDelegate.swift; sourceTree = "<group>"; };
		90668DE324CC27C500C25348 /* HomeView.swift */ = {isa = PBXFileReference; lastKnownFileType = sourcecode.swift; path = HomeView.swift; sourceTree = "<group>"; };
		90668DE524CC27C600C25348 /* Assets.xcassets */ = {isa = PBXFileReference; lastKnownFileType = folder.assetcatalog; path = Assets.xcassets; sourceTree = "<group>"; };
		90668DE824CC27C600C25348 /* Preview Assets.xcassets */ = {isa = PBXFileReference; lastKnownFileType = folder.assetcatalog; path = "Preview Assets.xcassets"; sourceTree = "<group>"; };
		90668DEB24CC27C600C25348 /* Base */ = {isa = PBXFileReference; lastKnownFileType = file.storyboard; name = Base; path = Base.lproj/LaunchScreen.storyboard; sourceTree = "<group>"; };
		90668DED24CC27C600C25348 /* Info.plist */ = {isa = PBXFileReference; lastKnownFileType = text.plist.xml; path = Info.plist; sourceTree = "<group>"; };
		90668DF224CC27C600C25348 /* Jet2TT SocialTests.xctest */ = {isa = PBXFileReference; explicitFileType = wrapper.cfbundle; includeInIndex = 0; path = "Jet2TT SocialTests.xctest"; sourceTree = BUILT_PRODUCTS_DIR; };
		90668DF824CC27C600C25348 /* Info.plist */ = {isa = PBXFileReference; lastKnownFileType = text.plist.xml; path = Info.plist; sourceTree = "<group>"; };
		90668E0324CC37AD00C25348 /* UsersListView.swift */ = {isa = PBXFileReference; lastKnownFileType = sourcecode.swift; path = UsersListView.swift; sourceTree = "<group>"; };
		90668E0524CC392F00C25348 /* BlogsListView.swift */ = {isa = PBXFileReference; lastKnownFileType = sourcecode.swift; path = BlogsListView.swift; sourceTree = "<group>"; };
		90668E6724CC3DEF00C25348 /* UserTests.swift */ = {isa = PBXFileReference; lastKnownFileType = sourcecode.swift; path = UserTests.swift; sourceTree = "<group>"; };
		90668E6A24CC3EE900C25348 /* UsersProvider.swift */ = {isa = PBXFileReference; lastKnownFileType = sourcecode.swift; path = UsersProvider.swift; sourceTree = "<group>"; };
		90668E6D24CC3F5F00C25348 /* SimpleErrorMessage.swift */ = {isa = PBXFileReference; lastKnownFileType = sourcecode.swift; path = SimpleErrorMessage.swift; sourceTree = "<group>"; };
		90668E6F24CC3F7500C25348 /* User.swift */ = {isa = PBXFileReference; lastKnownFileType = sourcecode.swift; path = User.swift; sourceTree = "<group>"; };
		90668E7524CC3FE800C25348 /* UsersProvider_Dummy.swift */ = {isa = PBXFileReference; lastKnownFileType = sourcecode.swift; path = UsersProvider_Dummy.swift; sourceTree = "<group>"; };
		90668E7B24CC44CE00C25348 /* UsersProvider_API.swift */ = {isa = PBXFileReference; lastKnownFileType = sourcecode.swift; path = UsersProvider_API.swift; sourceTree = "<group>"; };
		9083C2DD24CC550A007C0EB4 /* UsersListViewModel.swift */ = {isa = PBXFileReference; lastKnownFileType = sourcecode.swift; path = UsersListViewModel.swift; sourceTree = "<group>"; };
		9083C2E324CC5A40007C0EB4 /* UserListCellView.swift */ = {isa = PBXFileReference; lastKnownFileType = sourcecode.swift; path = UserListCellView.swift; sourceTree = "<group>"; };
		9083C2E524CC5A5D007C0EB4 /* UserViewModel.swift */ = {isa = PBXFileReference; lastKnownFileType = sourcecode.swift; path = UserViewModel.swift; sourceTree = "<group>"; };
		9095779C24CDFA1900AE6D79 /* Database.xcdatamodel */ = {isa = PBXFileReference; lastKnownFileType = wrapper.xcdatamodel; path = Database.xcdatamodel; sourceTree = "<group>"; };
		9095779F24CDFA7200AE6D79 /* CoreDataManager.swift */ = {isa = PBXFileReference; lastKnownFileType = sourcecode.swift; path = CoreDataManager.swift; sourceTree = "<group>"; };
		909577A124CDFC0400AE6D79 /* UsersProvider_Local.swift */ = {isa = PBXFileReference; lastKnownFileType = sourcecode.swift; path = UsersProvider_Local.swift; sourceTree = "<group>"; };
		90B00B7E24CC72EF003BCFA2 /* UsersListViewModelTests.swift */ = {isa = PBXFileReference; lastKnownFileType = sourcecode.swift; path = UsersListViewModelTests.swift; sourceTree = "<group>"; };
		90DCDC7F24CD7A35002F6087 /* BlogCellView.swift */ = {isa = PBXFileReference; lastKnownFileType = sourcecode.swift; path = BlogCellView.swift; sourceTree = "<group>"; };
		90DCDC8124CD7A40002F6087 /* BlogCellViewModel.swift */ = {isa = PBXFileReference; lastKnownFileType = sourcecode.swift; path = BlogCellViewModel.swift; sourceTree = "<group>"; };
		90DCDC8424CD9336002F6087 /* BlogsProvider_API.swift */ = {isa = PBXFileReference; lastKnownFileType = sourcecode.swift; path = BlogsProvider_API.swift; sourceTree = "<group>"; };
/* End PBXFileReference section */

/* Begin PBXFrameworksBuildPhase section */
		90668DD924CC27C400C25348 /* Frameworks */ = {
			isa = PBXFrameworksBuildPhase;
			buildActionMask = 2147483647;
			files = (
				90576B2524CDFCBB00AB3207 /* CoreData.framework in Frameworks */,
			);
			runOnlyForDeploymentPostprocessing = 0;
		};
		90668DEF24CC27C600C25348 /* Frameworks */ = {
			isa = PBXFrameworksBuildPhase;
			buildActionMask = 2147483647;
			files = (
			);
			runOnlyForDeploymentPostprocessing = 0;
		};
/* End PBXFrameworksBuildPhase section */

/* Begin PBXGroup section */
		9035B1D624CD9B96007ADC5A /* Extensions */ = {
			isa = PBXGroup;
			children = (
				9035B1D724CD9BAE007ADC5A /* DateExtension.swift */,
			);
			path = Extensions;
			sourceTree = "<group>";
		};
		90576B2324CDFCBB00AB3207 /* Frameworks */ = {
			isa = PBXGroup;
			children = (
				90576B2424CDFCBB00AB3207 /* CoreData.framework */,
			);
			name = Frameworks;
			sourceTree = "<group>";
		};
		90576B2824CE051B00AB3207 /* UsersProvider */ = {
			isa = PBXGroup;
			children = (
				90668E7524CC3FE800C25348 /* UsersProvider_Dummy.swift */,
				90668E7B24CC44CE00C25348 /* UsersProvider_API.swift */,
				909577A124CDFC0400AE6D79 /* UsersProvider_Local.swift */,
			);
			path = UsersProvider;
			sourceTree = "<group>";
		};
		905E48DE24CD6B3B0063DCB6 /* Blogs List */ = {
			isa = PBXGroup;
			children = (
				90668E0524CC392F00C25348 /* BlogsListView.swift */,
				905E48DF24CD6B570063DCB6 /* BlogsListViewModel.swift */,
				90DCDC7F24CD7A35002F6087 /* BlogCellView.swift */,
				90DCDC8124CD7A40002F6087 /* BlogCellViewModel.swift */,
				9035B1D224CD9886007ADC5A /* BlogOwnerCellView.swift */,
				9035B1D424CD98A6007ADC5A /* BlogOwnerCellViewModel.swift */,
			);
			path = "Blogs List";
			sourceTree = "<group>";
		};
		90668DD324CC27C400C25348 = {
			isa = PBXGroup;
			children = (
				90668DDE24CC27C500C25348 /* Jet2TT Social */,
				90668DF524CC27C600C25348 /* Jet2TT SocialTests */,
				90668DDD24CC27C500C25348 /* Products */,
				90576B2324CDFCBB00AB3207 /* Frameworks */,
			);
			sourceTree = "<group>";
		};
		90668DDD24CC27C500C25348 /* Products */ = {
			isa = PBXGroup;
			children = (
				90668DDC24CC27C500C25348 /* Jet2TT Social.app */,
				90668DF224CC27C600C25348 /* Jet2TT SocialTests.xctest */,
			);
			name = Products;
			sourceTree = "<group>";
		};
		90668DDE24CC27C500C25348 /* Jet2TT Social */ = {
			isa = PBXGroup;
			children = (
				90668DDF24CC27C500C25348 /* AppDelegate.swift */,
				90668DE124CC27C500C25348 /* SceneDelegate.swift */,
				9095779E24CDFA2E00AE6D79 /* Managers */,
				90668E0724CC39A500C25348 /* Views */,
				9035B1D624CD9B96007ADC5A /* Extensions */,
				90668E6924CC3ED800C25348 /* Protocols */,
				90668E7424CC3FD100C25348 /* Providers */,
				90668E6C24CC3F5200C25348 /* Models */,
				90668DE524CC27C600C25348 /* Assets.xcassets */,
				90668DEA24CC27C600C25348 /* LaunchScreen.storyboard */,
				90668DED24CC27C600C25348 /* Info.plist */,
				90668DE724CC27C600C25348 /* Preview Content */,
			);
			path = "Jet2TT Social";
			sourceTree = "<group>";
		};
		90668DE724CC27C600C25348 /* Preview Content */ = {
			isa = PBXGroup;
			children = (
				90668DE824CC27C600C25348 /* Preview Assets.xcassets */,
			);
			path = "Preview Content";
			sourceTree = "<group>";
		};
		90668DF524CC27C600C25348 /* Jet2TT SocialTests */ = {
			isa = PBXGroup;
			children = (
				90668E6724CC3DEF00C25348 /* UserTests.swift */,
				90B00B7E24CC72EF003BCFA2 /* UsersListViewModelTests.swift */,
				90668DF824CC27C600C25348 /* Info.plist */,
				905E48EA24CD751B0063DCB6 /* BlogsListViewModelTests.swift */,
			);
			path = "Jet2TT SocialTests";
			sourceTree = "<group>";
		};
		90668E0724CC39A500C25348 /* Views */ = {
			isa = PBXGroup;
			children = (
				90668DE324CC27C500C25348 /* HomeView.swift */,
				905E48DE24CD6B3B0063DCB6 /* Blogs List */,
				9083C2DC24CC54F8007C0EB4 /* Users List */,
			);
			path = Views;
			sourceTree = "<group>";
		};
		90668E6924CC3ED800C25348 /* Protocols */ = {
			isa = PBXGroup;
			children = (
				90668E6A24CC3EE900C25348 /* UsersProvider.swift */,
				905E48E124CD6B770063DCB6 /* BlogsProvider.swift */,
			);
			path = Protocols;
			sourceTree = "<group>";
		};
		90668E6C24CC3F5200C25348 /* Models */ = {
			isa = PBXGroup;
			children = (
				9095779B24CDFA1900AE6D79 /* Database.xcdatamodeld */,
				90668E6D24CC3F5F00C25348 /* SimpleErrorMessage.swift */,
				90668E6F24CC3F7500C25348 /* User.swift */,
				905E48E424CD6BA40063DCB6 /* Blog.swift */,
				903E24EC24CDC98600176769 /* Pagination.swift */,
			);
			path = Models;
			sourceTree = "<group>";
		};
		90668E7424CC3FD100C25348 /* Providers */ = {
			isa = PBXGroup;
			children = (
				90576B2824CE051B00AB3207 /* UsersProvider */,
				905E48E724CD728A0063DCB6 /* BlogsProvider_Dummy.swift */,
				90DCDC8424CD9336002F6087 /* BlogsProvider_API.swift */,
			);
			path = Providers;
			sourceTree = "<group>";
		};
		9083C2DC24CC54F8007C0EB4 /* Users List */ = {
			isa = PBXGroup;
			children = (
				90668E0324CC37AD00C25348 /* UsersListView.swift */,
				9083C2DD24CC550A007C0EB4 /* UsersListViewModel.swift */,
				9083C2E324CC5A40007C0EB4 /* UserListCellView.swift */,
				905E48D924CD64780063DCB6 /* UserProfileView.swift */,
				9083C2E524CC5A5D007C0EB4 /* UserViewModel.swift */,
			);
			path = "Users List";
			sourceTree = "<group>";
		};
		9095779E24CDFA2E00AE6D79 /* Managers */ = {
			isa = PBXGroup;
			children = (
				9095779F24CDFA7200AE6D79 /* CoreDataManager.swift */,
				90576B2624CE051B00AB3207 /* Providers.swift */,
			);
			path = Managers;
			sourceTree = "<group>";
		};
/* End PBXGroup section */

/* Begin PBXNativeTarget section */
		90668DDB24CC27C400C25348 /* Jet2TT Social */ = {
			isa = PBXNativeTarget;
			buildConfigurationList = 90668DFB24CC27C600C25348 /* Build configuration list for PBXNativeTarget "Jet2TT Social" */;
			buildPhases = (
				90668DD824CC27C400C25348 /* Sources */,
				90668DD924CC27C400C25348 /* Frameworks */,
				90668DDA24CC27C400C25348 /* Resources */,
			);
			buildRules = (
			);
			dependencies = (
			);
			name = "Jet2TT Social";
			productName = "Jet2TT Social";
			productReference = 90668DDC24CC27C500C25348 /* Jet2TT Social.app */;
			productType = "com.apple.product-type.application";
		};
		90668DF124CC27C600C25348 /* Jet2TT SocialTests */ = {
			isa = PBXNativeTarget;
			buildConfigurationList = 90668DFE24CC27C600C25348 /* Build configuration list for PBXNativeTarget "Jet2TT SocialTests" */;
			buildPhases = (
				90668DEE24CC27C600C25348 /* Sources */,
				90668DEF24CC27C600C25348 /* Frameworks */,
				90668DF024CC27C600C25348 /* Resources */,
			);
			buildRules = (
			);
			dependencies = (
				90668DF424CC27C600C25348 /* PBXTargetDependency */,
			);
			name = "Jet2TT SocialTests";
			productName = "Jet2TT SocialTests";
			productReference = 90668DF224CC27C600C25348 /* Jet2TT SocialTests.xctest */;
			productType = "com.apple.product-type.bundle.unit-test";
		};
/* End PBXNativeTarget section */

/* Begin PBXProject section */
		90668DD424CC27C400C25348 /* Project object */ = {
			isa = PBXProject;
			attributes = {
				LastSwiftUpdateCheck = 1150;
				LastUpgradeCheck = 1150;
				ORGANIZATIONNAME = svmLogics;
				TargetAttributes = {
					90668DDB24CC27C400C25348 = {
						CreatedOnToolsVersion = 11.5;
					};
					90668DF124CC27C600C25348 = {
						CreatedOnToolsVersion = 11.5;
						TestTargetID = 90668DDB24CC27C400C25348;
					};
				};
			};
			buildConfigurationList = 90668DD724CC27C400C25348 /* Build configuration list for PBXProject "Jet2TT Social" */;
			compatibilityVersion = "Xcode 9.3";
			developmentRegion = en;
			hasScannedForEncodings = 0;
			knownRegions = (
				en,
				Base,
			);
			mainGroup = 90668DD324CC27C400C25348;
			productRefGroup = 90668DDD24CC27C500C25348 /* Products */;
			projectDirPath = "";
			projectRoot = "";
			targets = (
				90668DDB24CC27C400C25348 /* Jet2TT Social */,
				90668DF124CC27C600C25348 /* Jet2TT SocialTests */,
			);
		};
/* End PBXProject section */

/* Begin PBXResourcesBuildPhase section */
		90668DDA24CC27C400C25348 /* Resources */ = {
			isa = PBXResourcesBuildPhase;
			buildActionMask = 2147483647;
			files = (
				90668DEC24CC27C600C25348 /* LaunchScreen.storyboard in Resources */,
				90668DE924CC27C600C25348 /* Preview Assets.xcassets in Resources */,
				90668DE624CC27C600C25348 /* Assets.xcassets in Resources */,
			);
			runOnlyForDeploymentPostprocessing = 0;
		};
		90668DF024CC27C600C25348 /* Resources */ = {
			isa = PBXResourcesBuildPhase;
			buildActionMask = 2147483647;
			files = (
			);
			runOnlyForDeploymentPostprocessing = 0;
		};
/* End PBXResourcesBuildPhase section */

/* Begin PBXSourcesBuildPhase section */
		90668DD824CC27C400C25348 /* Sources */ = {
			isa = PBXSourcesBuildPhase;
			buildActionMask = 2147483647;
			files = (
				90668E6E24CC3F5F00C25348 /* SimpleErrorMessage.swift in Sources */,
				90668E0624CC392F00C25348 /* BlogsListView.swift in Sources */,
				9083C2E624CC5A5D007C0EB4 /* UserViewModel.swift in Sources */,
				905E48E024CD6B570063DCB6 /* BlogsListViewModel.swift in Sources */,
				90668E7C24CC44CE00C25348 /* UsersProvider_API.swift in Sources */,
				90668E7624CC3FE800C25348 /* UsersProvider_Dummy.swift in Sources */,
				909577A024CDFA7200AE6D79 /* CoreDataManager.swift in Sources */,
				9035B1D324CD9886007ADC5A /* BlogOwnerCellView.swift in Sources */,
				90668DE024CC27C500C25348 /* AppDelegate.swift in Sources */,
				90668DE224CC27C500C25348 /* SceneDelegate.swift in Sources */,
				905E48DA24CD64780063DCB6 /* UserProfileView.swift in Sources */,
				9035B1D824CD9BAE007ADC5A /* DateExtension.swift in Sources */,
				90668E7024CC3F7500C25348 /* User.swift in Sources */,
				903E24ED24CDC98600176769 /* Pagination.swift in Sources */,
				9083C2E424CC5A40007C0EB4 /* UserListCellView.swift in Sources */,
				905E48E824CD728A0063DCB6 /* BlogsProvider_Dummy.swift in Sources */,
				90668DE424CC27C500C25348 /* HomeView.swift in Sources */,
				9083C2DE24CC550A007C0EB4 /* UsersListViewModel.swift in Sources */,
				90668E0424CC37AD00C25348 /* UsersListView.swift in Sources */,
				90DCDC8024CD7A35002F6087 /* BlogCellView.swift in Sources */,
				9035B1D524CD98A6007ADC5A /* BlogOwnerCellViewModel.swift in Sources */,
				90DCDC8224CD7A40002F6087 /* BlogCellViewModel.swift in Sources */,
				905E48E524CD6BA40063DCB6 /* Blog.swift in Sources */,
				909577A224CDFC0400AE6D79 /* UsersProvider_Local.swift in Sources */,
				90668E6B24CC3EE900C25348 /* UsersProvider.swift in Sources */,
				90576B2724CE051B00AB3207 /* Providers.swift in Sources */,
				905E48E224CD6B770063DCB6 /* BlogsProvider.swift in Sources */,
				9095779D24CDFA1900AE6D79 /* Database.xcdatamodeld in Sources */,
				90DCDC8524CD9336002F6087 /* BlogsProvider_API.swift in Sources */,
			);
			runOnlyForDeploymentPostprocessing = 0;
		};
		90668DEE24CC27C600C25348 /* Sources */ = {
			isa = PBXSourcesBuildPhase;
			buildActionMask = 2147483647;
			files = (
				905E48E324CD6B770063DCB6 /* BlogsProvider.swift in Sources */,
				9035B1D924CD9BB4007ADC5A /* DateExtension.swift in Sources */,
				90668E7924CC428B00C25348 /* SimpleErrorMessage.swift in Sources */,
				9083C2DF24CC5563007C0EB4 /* UsersListViewModel.swift in Sources */,
				90668E7724CC426600C25348 /* UsersProvider_Dummy.swift in Sources */,
				90668E6824CC3DEF00C25348 /* UserTests.swift in Sources */,
				905E48E924CD728A0063DCB6 /* BlogsProvider_Dummy.swift in Sources */,
				90668E7A24CC428D00C25348 /* User.swift in Sources */,
				905E48E624CD6BA40063DCB6 /* Blog.swift in Sources */,
				905E48EC24CD752E0063DCB6 /* BlogsListViewModel.swift in Sources */,
				90DCDC8324CD7A42002F6087 /* BlogCellViewModel.swift in Sources */,
				909577A324CDFC8A00AE6D79 /* UsersProvider_Local.swift in Sources */,
				90B00B7F24CC72EF003BCFA2 /* UsersListViewModelTests.swift in Sources */,
				903E24EE24CDC98A00176769 /* Pagination.swift in Sources */,
				905E48EB24CD751B0063DCB6 /* BlogsListViewModelTests.swift in Sources */,
				90668E7824CC428800C25348 /* UsersProvider.swift in Sources */,
			);
			runOnlyForDeploymentPostprocessing = 0;
		};
/* End PBXSourcesBuildPhase section */

/* Begin PBXTargetDependency section */
		90668DF424CC27C600C25348 /* PBXTargetDependency */ = {
			isa = PBXTargetDependency;
			target = 90668DDB24CC27C400C25348 /* Jet2TT Social */;
			targetProxy = 90668DF324CC27C600C25348 /* PBXContainerItemProxy */;
		};
/* End PBXTargetDependency section */

/* Begin PBXVariantGroup section */
		90668DEA24CC27C600C25348 /* LaunchScreen.storyboard */ = {
			isa = PBXVariantGroup;
			children = (
				90668DEB24CC27C600C25348 /* Base */,
			);
			name = LaunchScreen.storyboard;
			sourceTree = "<group>";
		};
/* End PBXVariantGroup section */

/* Begin XCBuildConfiguration section */
		90668DF924CC27C600C25348 /* Debug */ = {
			isa = XCBuildConfiguration;
			buildSettings = {
				ALWAYS_SEARCH_USER_PATHS = NO;
				CLANG_ANALYZER_NONNULL = YES;
				CLANG_ANALYZER_NUMBER_OBJECT_CONVERSION = YES_AGGRESSIVE;
				CLANG_CXX_LANGUAGE_STANDARD = "gnu++14";
				CLANG_CXX_LIBRARY = "libc++";
				CLANG_ENABLE_MODULES = YES;
				CLANG_ENABLE_OBJC_ARC = YES;
				CLANG_ENABLE_OBJC_WEAK = YES;
				CLANG_WARN_BLOCK_CAPTURE_AUTORELEASING = YES;
				CLANG_WARN_BOOL_CONVERSION = YES;
				CLANG_WARN_COMMA = YES;
				CLANG_WARN_CONSTANT_CONVERSION = YES;
				CLANG_WARN_DEPRECATED_OBJC_IMPLEMENTATIONS = YES;
				CLANG_WARN_DIRECT_OBJC_ISA_USAGE = YES_ERROR;
				CLANG_WARN_DOCUMENTATION_COMMENTS = YES;
				CLANG_WARN_EMPTY_BODY = YES;
				CLANG_WARN_ENUM_CONVERSION = YES;
				CLANG_WARN_INFINITE_RECURSION = YES;
				CLANG_WARN_INT_CONVERSION = YES;
				CLANG_WARN_NON_LITERAL_NULL_CONVERSION = YES;
				CLANG_WARN_OBJC_IMPLICIT_RETAIN_SELF = YES;
				CLANG_WARN_OBJC_LITERAL_CONVERSION = YES;
				CLANG_WARN_OBJC_ROOT_CLASS = YES_ERROR;
				CLANG_WARN_RANGE_LOOP_ANALYSIS = YES;
				CLANG_WARN_STRICT_PROTOTYPES = YES;
				CLANG_WARN_SUSPICIOUS_MOVE = YES;
				CLANG_WARN_UNGUARDED_AVAILABILITY = YES_AGGRESSIVE;
				CLANG_WARN_UNREACHABLE_CODE = YES;
				CLANG_WARN__DUPLICATE_METHOD_MATCH = YES;
				COPY_PHASE_STRIP = NO;
				DEBUG_INFORMATION_FORMAT = dwarf;
				ENABLE_STRICT_OBJC_MSGSEND = YES;
				ENABLE_TESTABILITY = YES;
				GCC_C_LANGUAGE_STANDARD = gnu11;
				GCC_DYNAMIC_NO_PIC = NO;
				GCC_NO_COMMON_BLOCKS = YES;
				GCC_OPTIMIZATION_LEVEL = 0;
				GCC_PREPROCESSOR_DEFINITIONS = (
					"DEBUG=1",
					"$(inherited)",
				);
				GCC_WARN_64_TO_32_BIT_CONVERSION = YES;
				GCC_WARN_ABOUT_RETURN_TYPE = YES_ERROR;
				GCC_WARN_UNDECLARED_SELECTOR = YES;
				GCC_WARN_UNINITIALIZED_AUTOS = YES_AGGRESSIVE;
				GCC_WARN_UNUSED_FUNCTION = YES;
				GCC_WARN_UNUSED_VARIABLE = YES;
				IPHONEOS_DEPLOYMENT_TARGET = 13.5;
				MTL_ENABLE_DEBUG_INFO = INCLUDE_SOURCE;
				MTL_FAST_MATH = YES;
				ONLY_ACTIVE_ARCH = YES;
				SDKROOT = iphoneos;
				SWIFT_ACTIVE_COMPILATION_CONDITIONS = DEBUG;
				SWIFT_OPTIMIZATION_LEVEL = "-Onone";
			};
			name = Debug;
		};
		90668DFA24CC27C600C25348 /* Release */ = {
			isa = XCBuildConfiguration;
			buildSettings = {
				ALWAYS_SEARCH_USER_PATHS = NO;
				CLANG_ANALYZER_NONNULL = YES;
				CLANG_ANALYZER_NUMBER_OBJECT_CONVERSION = YES_AGGRESSIVE;
				CLANG_CXX_LANGUAGE_STANDARD = "gnu++14";
				CLANG_CXX_LIBRARY = "libc++";
				CLANG_ENABLE_MODULES = YES;
				CLANG_ENABLE_OBJC_ARC = YES;
				CLANG_ENABLE_OBJC_WEAK = YES;
				CLANG_WARN_BLOCK_CAPTURE_AUTORELEASING = YES;
				CLANG_WARN_BOOL_CONVERSION = YES;
				CLANG_WARN_COMMA = YES;
				CLANG_WARN_CONSTANT_CONVERSION = YES;
				CLANG_WARN_DEPRECATED_OBJC_IMPLEMENTATIONS = YES;
				CLANG_WARN_DIRECT_OBJC_ISA_USAGE = YES_ERROR;
				CLANG_WARN_DOCUMENTATION_COMMENTS = YES;
				CLANG_WARN_EMPTY_BODY = YES;
				CLANG_WARN_ENUM_CONVERSION = YES;
				CLANG_WARN_INFINITE_RECURSION = YES;
				CLANG_WARN_INT_CONVERSION = YES;
				CLANG_WARN_NON_LITERAL_NULL_CONVERSION = YES;
				CLANG_WARN_OBJC_IMPLICIT_RETAIN_SELF = YES;
				CLANG_WARN_OBJC_LITERAL_CONVERSION = YES;
				CLANG_WARN_OBJC_ROOT_CLASS = YES_ERROR;
				CLANG_WARN_RANGE_LOOP_ANALYSIS = YES;
				CLANG_WARN_STRICT_PROTOTYPES = YES;
				CLANG_WARN_SUSPICIOUS_MOVE = YES;
				CLANG_WARN_UNGUARDED_AVAILABILITY = YES_AGGRESSIVE;
				CLANG_WARN_UNREACHABLE_CODE = YES;
				CLANG_WARN__DUPLICATE_METHOD_MATCH = YES;
				COPY_PHASE_STRIP = NO;
				DEBUG_INFORMATION_FORMAT = "dwarf-with-dsym";
				ENABLE_NS_ASSERTIONS = NO;
				ENABLE_STRICT_OBJC_MSGSEND = YES;
				GCC_C_LANGUAGE_STANDARD = gnu11;
				GCC_NO_COMMON_BLOCKS = YES;
				GCC_WARN_64_TO_32_BIT_CONVERSION = YES;
				GCC_WARN_ABOUT_RETURN_TYPE = YES_ERROR;
				GCC_WARN_UNDECLARED_SELECTOR = YES;
				GCC_WARN_UNINITIALIZED_AUTOS = YES_AGGRESSIVE;
				GCC_WARN_UNUSED_FUNCTION = YES;
				GCC_WARN_UNUSED_VARIABLE = YES;
				IPHONEOS_DEPLOYMENT_TARGET = 13.5;
				MTL_ENABLE_DEBUG_INFO = NO;
				MTL_FAST_MATH = YES;
				SDKROOT = iphoneos;
				SWIFT_COMPILATION_MODE = wholemodule;
				SWIFT_OPTIMIZATION_LEVEL = "-O";
				VALIDATE_PRODUCT = YES;
			};
			name = Release;
		};
		90668DFC24CC27C600C25348 /* Debug */ = {
			isa = XCBuildConfiguration;
			buildSettings = {
				ASSETCATALOG_COMPILER_APPICON_NAME = AppIcon;
				CODE_SIGN_STYLE = Automatic;
				DEVELOPMENT_ASSET_PATHS = "\"Jet2TT Social/Preview Content\"";
				DEVELOPMENT_TEAM = "";
				ENABLE_PREVIEWS = YES;
				INFOPLIST_FILE = "Jet2TT Social/Info.plist";
				LD_RUNPATH_SEARCH_PATHS = (
					"$(inherited)",
					"@executable_path/Frameworks",
				);
				PRODUCT_BUNDLE_IDENTIFIER = "com.svmLogics.Jet2TT-Social";
				PRODUCT_NAME = "$(TARGET_NAME)";
				SWIFT_VERSION = 5.0;
				TARGETED_DEVICE_FAMILY = "1,2";
			};
			name = Debug;
		};
		90668DFD24CC27C600C25348 /* Release */ = {
			isa = XCBuildConfiguration;
			buildSettings = {
				ASSETCATALOG_COMPILER_APPICON_NAME = AppIcon;
				CODE_SIGN_STYLE = Automatic;
				DEVELOPMENT_ASSET_PATHS = "\"Jet2TT Social/Preview Content\"";
				DEVELOPMENT_TEAM = "";
				ENABLE_PREVIEWS = YES;
				INFOPLIST_FILE = "Jet2TT Social/Info.plist";
				LD_RUNPATH_SEARCH_PATHS = (
					"$(inherited)",
					"@executable_path/Frameworks",
				);
				PRODUCT_BUNDLE_IDENTIFIER = "com.svmLogics.Jet2TT-Social";
				PRODUCT_NAME = "$(TARGET_NAME)";
				SWIFT_VERSION = 5.0;
				TARGETED_DEVICE_FAMILY = "1,2";
			};
			name = Release;
		};
		90668DFF24CC27C600C25348 /* Debug */ = {
			isa = XCBuildConfiguration;
			buildSettings = {
				ALWAYS_EMBED_SWIFT_STANDARD_LIBRARIES = YES;
				BUNDLE_LOADER = "$(TEST_HOST)";
				CODE_SIGN_STYLE = Automatic;
				DEVELOPMENT_TEAM = "";
				INFOPLIST_FILE = "Jet2TT SocialTests/Info.plist";
				IPHONEOS_DEPLOYMENT_TARGET = 13.5;
				LD_RUNPATH_SEARCH_PATHS = (
					"$(inherited)",
					"@executable_path/Frameworks",
					"@loader_path/Frameworks",
				);
				PRODUCT_BUNDLE_IDENTIFIER = "com.svmLogics.Jet2TT-SocialTests";
				PRODUCT_NAME = "$(TARGET_NAME)";
				SWIFT_VERSION = 5.0;
				TARGETED_DEVICE_FAMILY = "1,2";
				TEST_HOST = "$(BUILT_PRODUCTS_DIR)/Jet2TT Social.app/Jet2TT Social";
			};
			name = Debug;
		};
		90668E0024CC27C600C25348 /* Release */ = {
			isa = XCBuildConfiguration;
			buildSettings = {
				ALWAYS_EMBED_SWIFT_STANDARD_LIBRARIES = YES;
				BUNDLE_LOADER = "$(TEST_HOST)";
				CODE_SIGN_STYLE = Automatic;
				DEVELOPMENT_TEAM = "";
				INFOPLIST_FILE = "Jet2TT SocialTests/Info.plist";
				IPHONEOS_DEPLOYMENT_TARGET = 13.5;
				LD_RUNPATH_SEARCH_PATHS = (
					"$(inherited)",
					"@executable_path/Frameworks",
					"@loader_path/Frameworks",
				);
				PRODUCT_BUNDLE_IDENTIFIER = "com.svmLogics.Jet2TT-SocialTests";
				PRODUCT_NAME = "$(TARGET_NAME)";
				SWIFT_VERSION = 5.0;
				TARGETED_DEVICE_FAMILY = "1,2";
				TEST_HOST = "$(BUILT_PRODUCTS_DIR)/Jet2TT Social.app/Jet2TT Social";
			};
			name = Release;
		};
/* End XCBuildConfiguration section */

/* Begin XCConfigurationList section */
		90668DD724CC27C400C25348 /* Build configuration list for PBXProject "Jet2TT Social" */ = {
			isa = XCConfigurationList;
			buildConfigurations = (
				90668DF924CC27C600C25348 /* Debug */,
				90668DFA24CC27C600C25348 /* Release */,
			);
			defaultConfigurationIsVisible = 0;
			defaultConfigurationName = Release;
		};
		90668DFB24CC27C600C25348 /* Build configuration list for PBXNativeTarget "Jet2TT Social" */ = {
			isa = XCConfigurationList;
			buildConfigurations = (
				90668DFC24CC27C600C25348 /* Debug */,
				90668DFD24CC27C600C25348 /* Release */,
			);
			defaultConfigurationIsVisible = 0;
			defaultConfigurationName = Release;
		};
		90668DFE24CC27C600C25348 /* Build configuration list for PBXNativeTarget "Jet2TT SocialTests" */ = {
			isa = XCConfigurationList;
			buildConfigurations = (
				90668DFF24CC27C600C25348 /* Debug */,
				90668E0024CC27C600C25348 /* Release */,
			);
			defaultConfigurationIsVisible = 0;
			defaultConfigurationName = Release;
		};
/* End XCConfigurationList section */

/* Begin XCVersionGroup section */
		9095779B24CDFA1900AE6D79 /* Database.xcdatamodeld */ = {
			isa = XCVersionGroup;
			children = (
				9095779C24CDFA1900AE6D79 /* Database.xcdatamodel */,
			);
			currentVersion = 9095779C24CDFA1900AE6D79 /* Database.xcdatamodel */;
			path = Database.xcdatamodeld;
			sourceTree = "<group>";
			versionGroupType = wrapper.xcdatamodel;
		};
/* End XCVersionGroup section */
	};
	rootObject = 90668DD424CC27C400C25348 /* Project object */;
}
